
Microsoft Visual Studio Solution File, Format Version 12.00
# Visual Studio Version 16
VisualStudioVersion = 25.0.1706.7
MinimumVisualStudioVersion = 10.0.40219.1
Project("{FAE04EC0-301F-11D3-BF4B-00C04F79EFBC}") = "Momento", "Behavioral\Momento\Momento.csproj", "{A678BD3D-F5DE-4782-9F0D-928C4E93A04D}"
EndProject
Project("{2150E333-8FDC-42A3-9474-1A3956D46DE8}") = "Behaviour", "Behaviour", "{CB9F1C29-152E-43F0-833A-F5A205786E71}"
EndProject
Project("{FAE04EC0-301F-11D3-BF4B-00C04F79EFBC}") = "StatePattern", "Behavioral\StatePattern\StatePattern.csproj", "{447A381C-1B22-40E6-846B-C50B246E35A7}"
EndProject
Project("{FAE04EC0-301F-11D3-BF4B-00C04F79EFBC}") = "StrategyPattern", "Behavioral\StrategyPattern\StrategyPattern.csproj", "{CE0612F6-384E-4458-B03C-E31E2E725B3F}"
EndProject
Global
	GlobalSection(SolutionConfigurationPlatforms) = preSolution
		Debug|Any CPU = Debug|Any CPU
		Release|Any CPU = Release|Any CPU
	EndGlobalSection
	GlobalSection(ProjectConfigurationPlatforms) = postSolution
		{A678BD3D-F5DE-4782-9F0D-928C4E93A04D}.Debug|Any CPU.ActiveCfg = Debug|Any CPU
		{A678BD3D-F5DE-4782-9F0D-928C4E93A04D}.Debug|Any CPU.Build.0 = Debug|Any CPU
		{A678BD3D-F5DE-4782-9F0D-928C4E93A04D}.Release|Any CPU.ActiveCfg = Release|Any CPU
		{A678BD3D-F5DE-4782-9F0D-928C4E93A04D}.Release|Any CPU.Build.0 = Release|Any CPU
		{447A381C-1B22-40E6-846B-C50B246E35A7}.Debug|Any CPU.ActiveCfg = Debug|Any CPU
		{447A381C-1B22-40E6-846B-C50B246E35A7}.Debug|Any CPU.Build.0 = Debug|Any CPU
		{447A381C-1B22-40E6-846B-C50B246E35A7}.Release|Any CPU.ActiveCfg = Release|Any CPU
		{447A381C-1B22-40E6-846B-C50B246E35A7}.Release|Any CPU.Build.0 = Release|Any CPU
		{CE0612F6-384E-4458-B03C-E31E2E725B3F}.Debug|Any CPU.ActiveCfg = Debug|Any CPU
		{CE0612F6-384E-4458-B03C-E31E2E725B3F}.Debug|Any CPU.Build.0 = Debug|Any CPU
		{CE0612F6-384E-4458-B03C-E31E2E725B3F}.Release|Any CPU.ActiveCfg = Release|Any CPU
		{CE0612F6-384E-4458-B03C-E31E2E725B3F}.Release|Any CPU.Build.0 = Release|Any CPU
	EndGlobalSection
	GlobalSection(SolutionProperties) = preSolution
		HideSolutionNode = FALSE
	EndGlobalSection
	GlobalSection(ExtensibilityGlobals) = postSolution
		SolutionGuid = {CF392B39-9C23-4DD1-A631-CE863DF7F052}
	EndGlobalSection
	GlobalSection(NestedProjects) = preSolution
		{A678BD3D-F5DE-4782-9F0D-928C4E93A04D} = {CB9F1C29-152E-43F0-833A-F5A205786E71}
		{447A381C-1B22-40E6-846B-C50B246E35A7} = {CB9F1C29-152E-43F0-833A-F5A205786E71}
		{CE0612F6-384E-4458-B03C-E31E2E725B3F} = {CB9F1C29-152E-43F0-833A-F5A205786E71}
	EndGlobalSection
EndGlobal
